
Microsoft Visual Studio Solution File, Format Version 12.00
# Visual Studio Version 17
VisualStudioVersion = 17.12.35707.178 d17.12
MinimumVisualStudioVersion = 10.0.40219.1
Project("{FAE04EC0-301F-11D3-BF4B-00C04F79EFBC}") = "Atividade-Aula-03", "Atividade-Aula-03.csproj", "{4D507013-1897-465E-B86A-642C1F04267E}"
EndProject
Global
	GlobalSection(SolutionConfigurationPlatforms) = preSolution
		Debug|Any CPU = Debug|Any CPU
		Release|Any CPU = Release|Any CPU
	EndGlobalSection
	GlobalSection(ProjectConfigurationPlatforms) = postSolution
		{4D507013-1897-465E-B86A-642C1F04267E}.Debug|Any CPU.ActiveCfg = Debug|Any CPU
		{4D507013-1897-465E-B86A-642C1F04267E}.Debug|Any CPU.Build.0 = Debug|Any CPU
		{4D507013-1897-465E-B86A-642C1F04267E}.Release|Any CPU.ActiveCfg = Release|Any CPU
		{4D507013-1897-465E-B86A-642C1F04267E}.Release|Any CPU.Build.0 = Release|Any CPU
	EndGlobalSection
	GlobalSection(SolutionProperties) = preSolution
		HideSolutionNode = FALSE
	EndGlobalSection
EndGlobal
